
Microsoft Visual Studio Solution File, Format Version 12.00
# Visual Studio 15
VisualStudioVersion = 15.0.27703.2026
MinimumVisualStudioVersion = 10.0.40219.1
Project("{FAE04EC0-301F-11D3-BF4B-00C04F79EFBC}") = "IEvangelist.PhotoBooth", "IEvangelist.PhotoBooth\IEvangelist.PhotoBooth.csproj", "{40D180E8-EA3F-4E55-B74B-E924214156D4}"
EndProject
Global
	GlobalSection(SolutionConfigurationPlatforms) = preSolution
		Debug|Any CPU = Debug|Any CPU
		Release|Any CPU = Release|Any CPU
	EndGlobalSection
	GlobalSection(ProjectConfigurationPlatforms) = postSolution
		{40D180E8-EA3F-4E55-B74B-E924214156D4}.Debug|Any CPU.ActiveCfg = Debug|Any CPU
		{40D180E8-EA3F-4E55-B74B-E924214156D4}.Debug|Any CPU.Build.0 = Debug|Any CPU
		{40D180E8-EA3F-4E55-B74B-E924214156D4}.Release|Any CPU.ActiveCfg = Release|Any CPU
		{40D180E8-EA3F-4E55-B74B-E924214156D4}.Release|Any CPU.Build.0 = Release|Any CPU
	EndGlobalSection
	GlobalSection(SolutionProperties) = preSolution
		HideSolutionNode = FALSE
	EndGlobalSection
	GlobalSection(ExtensibilityGlobals) = postSolution
		SolutionGuid = {CB112D22-8F25-401F-9EDA-D25C9DF13ABF}
	EndGlobalSection
EndGlobal
